
Microsoft Visual Studio Solution File, Format Version 12.00
# Visual Studio Version 17
VisualStudioVersion = 17.0.31903.59
MinimumVisualStudioVersion = 10.0.40219.1
Project("{9A19103F-16F7-4668-BE54-9A1E7A4F7556}") = "Numerics", "Engine\Numerics\Numerics.csproj", "{3E7A51D5-26B9-4A99-8C2A-9E6CA7A886FC}"
EndProject
Project("{9A19103F-16F7-4668-BE54-9A1E7A4F7556}") = "Core", "Engine\Core\Core.csproj", "{A8ED59AB-1A35-4B8D-9C72-80D4B9AA873F}"
EndProject
Project("{9A19103F-16F7-4668-BE54-9A1E7A4F7556}") = "Glfw", "Wrappers\Glfw\Glfw.csproj", "{0B1E350F-2C92-47DA-9385-4B7638318948}"
EndProject
Project("{9A19103F-16F7-4668-BE54-9A1E7A4F7556}") = "Vulkan", "Wrappers\Vulkan\Vulkan.csproj", "{58898596-1748-4257-80FC-4E9BB72A5E88}"
EndProject
Global
	GlobalSection(SolutionConfigurationPlatforms) = preSolution
		Debug|Any CPU = Debug|Any CPU
		Release|Any CPU = Release|Any CPU
	EndGlobalSection
	GlobalSection(ProjectConfigurationPlatforms) = postSolution
		{3E7A51D5-26B9-4A99-8C2A-9E6CA7A886FC}.Debug|Any CPU.ActiveCfg = Debug|Any CPU
		{3E7A51D5-26B9-4A99-8C2A-9E6CA7A886FC}.Debug|Any CPU.Build.0 = Debug|Any CPU
		{3E7A51D5-26B9-4A99-8C2A-9E6CA7A886FC}.Release|Any CPU.ActiveCfg = Release|Any CPU
		{3E7A51D5-26B9-4A99-8C2A-9E6CA7A886FC}.Release|Any CPU.Build.0 = Release|Any CPU
		{A8ED59AB-1A35-4B8D-9C72-80D4B9AA873F}.Debug|Any CPU.ActiveCfg = Debug|Any CPU
		{A8ED59AB-1A35-4B8D-9C72-80D4B9AA873F}.Debug|Any CPU.Build.0 = Debug|Any CPU
		{A8ED59AB-1A35-4B8D-9C72-80D4B9AA873F}.Release|Any CPU.ActiveCfg = Release|Any CPU
		{A8ED59AB-1A35-4B8D-9C72-80D4B9AA873F}.Release|Any CPU.Build.0 = Release|Any CPU
		{0B1E350F-2C92-47DA-9385-4B7638318948}.Debug|Any CPU.ActiveCfg = Debug|Any CPU
		{0B1E350F-2C92-47DA-9385-4B7638318948}.Debug|Any CPU.Build.0 = Debug|Any CPU
		{0B1E350F-2C92-47DA-9385-4B7638318948}.Release|Any CPU.ActiveCfg = Release|Any CPU
		{0B1E350F-2C92-47DA-9385-4B7638318948}.Release|Any CPU.Build.0 = Release|Any CPU
		{58898596-1748-4257-80FC-4E9BB72A5E88}.Debug|Any CPU.ActiveCfg = Debug|Any CPU
		{58898596-1748-4257-80FC-4E9BB72A5E88}.Debug|Any CPU.Build.0 = Debug|Any CPU
		{58898596-1748-4257-80FC-4E9BB72A5E88}.Release|Any CPU.ActiveCfg = Release|Any CPU
		{58898596-1748-4257-80FC-4E9BB72A5E88}.Release|Any CPU.Build.0 = Release|Any CPU
	EndGlobalSection
	GlobalSection(SolutionProperties) = preSolution
		HideSolutionNode = FALSE
	EndGlobalSection
	GlobalSection(ExtensibilityGlobals) = postSolution
		SolutionGuid = {88E634F3-C3BD-4549-AAD2-7CF718D87434}
	EndGlobalSection
EndGlobal
